{
  "requires": true,
  "lockfileVersion": 1,
  "dependencies": {
    "@fortawesome/fontawesome-common-types": {
      "version": "0.2.28",
      "resolved": "https://registry.npmjs.org/@fortawesome/fontawesome-common-types/-/fontawesome-common-types-0.2.28.tgz",
      "integrity": "sha512-gtis2/5yLdfI6n0ia0jH7NJs5i/Z/8M/ZbQL6jXQhCthEOe5Cr5NcQPhgTvFxNOtURE03/ZqUcEskdn2M+QaBg=="
    },
    "@fortawesome/fontawesome-svg-core": {
      "version": "1.2.28",
      "resolved": "https://registry.npmjs.org/@fortawesome/fontawesome-svg-core/-/fontawesome-svg-core-1.2.28.tgz",
      "integrity": "sha512-4LeaNHWvrneoU0i8b5RTOJHKx7E+y7jYejplR7uSVB34+mp3Veg7cbKk7NBCLiI4TyoWS1wh9ZdoyLJR8wSAdg==",
      "requires": {
        "@fortawesome/fontawesome-common-types": "^0.2.28"
      }
    },
    "@fortawesome/free-solid-svg-icons": {
      "version": "5.13.0",
      "resolved": "https://registry.npmjs.org/@fortawesome/free-solid-svg-icons/-/free-solid-svg-icons-5.13.0.tgz",
      "integrity": "sha512-IHUgDJdomv6YtG4p3zl1B5wWf9ffinHIvebqQOmV3U+3SLw4fC+LUCCgwfETkbTtjy5/Qws2VoVf6z/ETQpFpg==",
      "requires": {
        "@fortawesome/fontawesome-common-types": "^0.2.28"
      }
    },
    "@fortawesome/react-fontawesome": {
      "version": "0.1.9",
      "resolved": "https://registry.npmjs.org/@fortawesome/react-fontawesome/-/react-fontawesome-0.1.9.tgz",
      "integrity": "sha512-49V3WNysLZU5fZ3sqSuys4nGRytsrxJktbv3vuaXkEoxv22C6T7TEG0TW6+nqVjMnkfCQd5xOnmJoZHMF78tOw==",
      "requires": {
        "prop-types": "^15.7.2"
      }
    },
    "@material/animation": {
      "version": "6.0.0",
      "resolved": "https://registry.npmjs.org/@material/animation/-/animation-6.0.0.tgz",
      "integrity": "sha512-BxlzXzQ5W2WtaEVV4/PqkTpKB5PfOUvPmr1EK8+xQ0ouMV4qiWuwBfnu7DgXF+cglpFP3T71uHVYmh6lMdi4vg==",
      "requires": {
        "tslib": "^1.9.3"
      }
    },
    "@material/base": {
      "version": "6.0.0",
      "resolved": "https://registry.npmjs.org/@material/base/-/base-6.0.0.tgz",
      "integrity": "sha512-S3rT7B9xa9IfHXIvYXYqbo6YVu9FWbFqTt1tMUCniizTRlpmHu9b5pmQ20f6mm3K3wAFD+crqsrtie2Y8h8r5g==",
      "requires": {
        "tslib": "^1.9.3"
      }
    },
    "@material/checkbox": {
      "version": "6.0.0",
      "resolved": "https://registry.npmjs.org/@material/checkbox/-/checkbox-6.0.0.tgz",
      "integrity": "sha512-E9fXgSZMWKHbcpzwVFWW2/ZZo8vJ5OJXSvhoQbl+Pj+NGTl4f4MY8xMj8qwA08Dqp/Bv7zfSAB1Xe7akfwQg9w==",
      "requires": {
        "@material/animation": "^6.0.0",
        "@material/base": "^6.0.0",
        "@material/density": "^6.0.0",
        "@material/dom": "^6.0.0",
        "@material/feature-targeting": "^6.0.0",
        "@material/ripple": "^6.0.0",
        "@material/theme": "^6.0.0",
        "@material/touch-target": "^6.0.0",
        "tslib": "^1.9.3"
      }
    },
    "@material/data-table": {
      "version": "6.0.0",
      "resolved": "https://registry.npmjs.org/@material/data-table/-/data-table-6.0.0.tgz",
      "integrity": "sha512-63oV0HSbfgxcFs9Q4wxD8Q90NM4g3jPUOsYvu+RQgcptXTVvl2OFM1PMpenbxAxmgUT61PTS+dOMFMwhbY4Bxg==",
      "requires": {
        "@material/animation": "^6.0.0",
        "@material/base": "^6.0.0",
        "@material/checkbox": "^6.0.0",
        "@material/density": "^6.0.0",
        "@material/dom": "^6.0.0",
        "@material/elevation": "^6.0.0",
        "@material/feature-targeting": "^6.0.0",
        "@material/icon-button": "^6.0.0",
        "@material/rtl": "^6.0.0",
        "@material/shape": "^6.0.0",
        "@material/theme": "^6.0.0",
        "@material/typography": "^6.0.0",
        "tslib": "^1.10.0"
      }
    },
    "@material/density": {
      "version": "6.0.0",
      "resolved": "https://registry.npmjs.org/@material/density/-/density-6.0.0.tgz",
      "integrity": "sha512-svKiq7XtUg89hf08XGFF46NdiQAZfey5CiatmNxD3WX7LUoCb5zc8K9BqPL63P1Sh6kty9R0AHj+6w4ASFetPA=="
    },
    "@material/dom": {
      "version": "6.0.0",
      "resolved": "https://registry.npmjs.org/@material/dom/-/dom-6.0.0.tgz",
      "integrity": "sha512-9hvoi3MxR25dmyv15xJGRS+Ezlr0oD+Y6k4UyAbLpExFP2OakTZc8Xj0Fd7Nwav3I5aIXyC5jJ2gvhZcy1cI9A==",
      "requires": {
        "@material/feature-targeting": "^6.0.0",
        "tslib": "^1.9.3"
      }
    },
    "@material/elevation": {
      "version": "6.0.0",
      "resolved": "https://registry.npmjs.org/@material/elevation/-/elevation-6.0.0.tgz",
      "integrity": "sha512-9WNBu/MKTQX40Ev3ayq5V8Pf/E/DqUPRQO8F0YA99jRWuYScpX2zeJlpRe+wLI6zIxtfFcVvRW9D4O1s1Bmbdg==",
      "requires": {
        "@material/animation": "^6.0.0",
        "@material/base": "^6.0.0",
        "@material/feature-targeting": "^6.0.0",
        "@material/theme": "^6.0.0"
      }
    },
    "@material/feature-targeting": {
      "version": "6.0.0",
      "resolved": "https://registry.npmjs.org/@material/feature-targeting/-/feature-targeting-6.0.0.tgz",
      "integrity": "sha512-REj9VJnqkGwpngffc/iHGPt8WTF27QFPWDD8VBNXaP+MmnpIu7V5q5JMoozKzG5uk+hVryzam1i2PJHztizDXg=="
    },
    "@material/icon-button": {
      "version": "6.0.0",
      "resolved": "https://registry.npmjs.org/@material/icon-button/-/icon-button-6.0.0.tgz",
      "integrity": "sha512-ak1BIG20FVAIj4oV20YbDhvYWIS8kn6cCcJomVBB/f8uA4OX6NO77xwaJ9tBZTURkvLJ0Z5coDLinxOHN15ffQ==",
      "requires": {
        "@material/base": "^6.0.0",
        "@material/density": "^6.0.0",
        "@material/feature-targeting": "^6.0.0",
        "@material/ripple": "^6.0.0",
        "@material/rtl": "^6.0.0",
        "@material/theme": "^6.0.0",
        "tslib": "^1.9.3"
      }
    },
    "@material/ripple": {
      "version": "6.0.0",
      "resolved": "https://registry.npmjs.org/@material/ripple/-/ripple-6.0.0.tgz",
      "integrity": "sha512-z+ARpjBVkRZBhiX20aAxAMrgBcfpcCRqIcI/E3Esfyo7M+q/mm8t92ZumcahxWnOBJkHM55kkpUqHlfkYlfyZQ==",
      "requires": {
        "@material/animation": "^6.0.0",
        "@material/base": "^6.0.0",
        "@material/dom": "^6.0.0",
        "@material/feature-targeting": "^6.0.0",
        "@material/theme": "^6.0.0",
        "tslib": "^1.9.3"
      }
    },
    "@material/rtl": {
      "version": "6.0.0",
      "resolved": "https://registry.npmjs.org/@material/rtl/-/rtl-6.0.0.tgz",
      "integrity": "sha512-/WkzlUm3qylWMqv7Lw7ColZ8DYvEvTXtevxxz7PKM1hT9FNlbO1/Qywvda4VUtXivEeynXEqeT1T/ZYHV9yDVw=="
    },
    "@material/shape": {
      "version": "6.0.0",
      "resolved": "https://registry.npmjs.org/@material/shape/-/shape-6.0.0.tgz",
      "integrity": "sha512-tZT9GGWI3QcOtyfJ07Hc3noP2b5Bvx2npx/aj+k7gEIkE06mzr08dVnVOup8z8HbHWIenxRJgdeF5+lAfBE3vw==",
      "requires": {
        "@material/feature-targeting": "^6.0.0",
        "@material/rtl": "^6.0.0"
      }
    },
    "@material/theme": {
      "version": "6.0.0",
      "resolved": "https://registry.npmjs.org/@material/theme/-/theme-6.0.0.tgz",
      "integrity": "sha512-dViBx1lsidoQhVi/MYksTmDs8aUPj3mPVQIaBPtDRtqpIuWSwG7bCHoY8rG8FHRduPLpq3b1A4OwKHBd0RWVJw==",
      "requires": {
        "@material/feature-targeting": "^6.0.0"
      }
    },
    "@material/touch-target": {
      "version": "6.0.0",
      "resolved": "https://registry.npmjs.org/@material/touch-target/-/touch-target-6.0.0.tgz",
      "integrity": "sha512-qZjrxo6honqxRV2Gy7spgkfj1qzSwy2IC8xtQb6bIolDD7kbzOxmyyaMi+TxQE0QnRWG/w6DVBSsPPQGNt4Saw==",
      "requires": {
        "@material/base": "^6.0.0",
        "@material/feature-targeting": "^6.0.0"
      }
    },
    "@material/typography": {
      "version": "6.0.0",
      "resolved": "https://registry.npmjs.org/@material/typography/-/typography-6.0.0.tgz",
      "integrity": "sha512-+4UUEYOxINMRUdyAltd1HFydjAy+MeXqUkFUXXNVsi5nFlpGTpMrxriwVaeL++XlGgvziJjDzaOe6S7zkwYxOQ==",
      "requires": {
        "@material/feature-targeting": "^6.0.0",
        "@material/theme": "^6.0.0"
      }
    },
    "@types/jquery": {
      "version": "3.3.38",
      "resolved": "https://registry.npmjs.org/@types/jquery/-/jquery-3.3.38.tgz",
      "integrity": "sha512-nkDvmx7x/6kDM5guu/YpXkGZ/Xj/IwGiLDdKM99YA5Vag7pjGyTJ8BNUh/6hxEn/sEu5DKtyRgnONJ7EmOoKrA==",
      "requires": {
        "@types/sizzle": "*"
      }
    },
    "@types/sizzle": {
      "version": "2.3.2",
      "resolved": "https://registry.npmjs.org/@types/sizzle/-/sizzle-2.3.2.tgz",
      "integrity": "sha512-7EJYyKTL7tFR8+gDbB6Wwz/arpGa0Mywk1TJbNzKzHtzbwVmY4HR9WqS5VV7dsBUKQmPNr192jHr/VpBluj/hg=="
    },
    "exenv": {
      "version": "1.2.2",
      "resolved": "https://registry.npmjs.org/exenv/-/exenv-1.2.2.tgz",
      "integrity": "sha1-KueOhdmJQVhnCwPUe+wfA72Ru50="
    },
    "jquery": {
      "version": "3.5.1",
      "resolved": "https://registry.npmjs.org/jquery/-/jquery-3.5.1.tgz",
      "integrity": "sha512-XwIBPqcMn57FxfT+Go5pzySnm4KWkT1Tv7gjrpT1srtf8Weynl6R273VJ5GjkRb51IzMp5nbaPjJXMWeju2MKg=="
    },
    "js-tokens": {
      "version": "4.0.0",
      "resolved": "https://registry.npmjs.org/js-tokens/-/js-tokens-4.0.0.tgz",
      "integrity": "sha512-RdJUflcE3cUzKiMqQgsCu06FPu9UdIJO0beYbPhHN4k6apgJtifcoCtT9bcxOpYBtpD2kCM6Sbzg4CausW/PKQ=="
    },
    "loose-envify": {
      "version": "1.4.0",
      "resolved": "https://registry.npmjs.org/loose-envify/-/loose-envify-1.4.0.tgz",
      "integrity": "sha512-lyuxPGr/Wfhrlem2CL/UcnUc1zcqKAImBDzukY7Y5F/yQiNdko6+fRLevlw1HgMySw7f611UIY408EtxRSoK3Q==",
      "requires": {
        "js-tokens": "^3.0.0 || ^4.0.0"
      }
    },
    "object-assign": {
      "version": "4.1.1",
      "resolved": "https://registry.npmjs.org/object-assign/-/object-assign-4.1.1.tgz",
      "integrity": "sha1-IQmtx5ZYh8/AXLvUQsrIv7s2CGM="
    },
    "prop-types": {
      "version": "15.7.2",
      "resolved": "https://registry.npmjs.org/prop-types/-/prop-types-15.7.2.tgz",
      "integrity": "sha512-8QQikdH7//R2vurIJSutZ1smHYTcLpRWEOlHnzcWHmBYrOGUysKwSsrC89BCiFj3CbrfJ/nXFdJepOVrY1GCHQ==",
      "requires": {
        "loose-envify": "^1.4.0",
        "object-assign": "^4.1.1",
        "react-is": "^16.8.1"
      }
    },
    "react-is": {
      "version": "16.13.1",
      "resolved": "https://registry.npmjs.org/react-is/-/react-is-16.13.1.tgz",
      "integrity": "sha512-24e6ynE2H+OKt4kqsOvNd8kBpV65zoxbA4BVsEOB3ARVWQki/DHzaUoC5KuON/BiccDaCCTZBuOcfZs70kR8bQ=="
    },
    "react-lifecycles-compat": {
      "version": "3.0.4",
      "resolved": "https://registry.npmjs.org/react-lifecycles-compat/-/react-lifecycles-compat-3.0.4.tgz",
      "integrity": "sha512-fBASbA6LnOU9dOU2eW7aQ8xmYBSXUIWr+UmF9b1efZBazGNO+rcXT/icdKnYm2pTwcRylVUYwW7H1PHfLekVzA=="
    },
    "react-modal": {
      "version": "3.11.2",
      "resolved": "https://registry.npmjs.org/react-modal/-/react-modal-3.11.2.tgz",
      "integrity": "sha512-o8gvvCOFaG1T7W6JUvsYjRjMVToLZgLIsi5kdhFIQCtHxDkA47LznX62j+l6YQkpXDbvQegsDyxe/+JJsFQN7w==",
      "requires": {
        "exenv": "^1.2.0",
        "prop-types": "^15.5.10",
        "react-lifecycles-compat": "^3.0.0",
        "warning": "^4.0.3"
      }
    },
    "tslib": {
      "version": "1.13.0",
      "resolved": "https://registry.npmjs.org/tslib/-/tslib-1.13.0.tgz",
      "integrity": "sha512-i/6DQjL8Xf3be4K/E6Wgpekn5Qasl1usyw++dAA35Ue5orEn65VIxOA+YvNNl9HV3qv70T7CNwjODHZrLwvd1Q=="
    },
    "warning": {
      "version": "4.0.3",
      "resolved": "https://registry.npmjs.org/warning/-/warning-4.0.3.tgz",
      "integrity": "sha512-rpJyN222KWIvHJ/F53XSZv0Zl/accqHR8et1kpaMTD/fLCRxtV8iX8czMzY7sVZupTI3zcUTg8eycS2kNF9l6w==",
      "requires": {
        "loose-envify": "^1.0.0"
      }
    }
  }
}
